# THIS IS AN AUTOGENERATED FILE. DO NOT EDIT THIS FILE DIRECTLY.
# yarn lockfile v1


"@mixmark-io/domino@^2.2.0":
  version "2.2.0"
  resolved "https://registry.yarnpkg.com/@mixmark-io/domino/-/domino-2.2.0.tgz#4e8ec69bf1afeb7a14f0628b7e2c0f35bdb336c3"
  integrity sha512-Y28PR25bHXUg88kCV7nivXrP2Nj2RueZ3/l/jdx6J9f8J4nsEGcgX0Qe6lt7Pa+J79+kPiJU3LguR6O/6zrLOw==

fast-xml-parser@^4.5.0:
  version "4.5.6"
  resolved "https://registry.yarnpkg.com/fast-xml-parser/-/fast-xml-parser-4.5.6.tgz#4ff57d4aca13a2d11aa42ad460495cf00f32b655"
  integrity sha512-Yd4vkROfJf8AuJrDIVMVmYfULKmIJszVsMv7Vo71aocsKgFxpdlpSHXSaInvyYfgw2PRuObQSW2GFpVMUjxu9A==
  dependencies:
    strnum "^1.0.5"

html-entities@^2.5.2:
  version "2.6.0"
  resolved "https://registry.yarnpkg.com/html-entities/-/html-entities-2.6.0.tgz#7c64f1ea3b36818ccae3d3fb48b6974208e984f8"
  integrity sha512-kig+rMn/QOVRvr7c86gQ8lWXq+Hkv6CbAH1hLu+RG338StTpE8Z0b44SDVaqVu7HGKf27frdmUYEs9hTUX/cLQ==

strnum@^1.0.5:
  version "1.1.2"
  resolved "https://registry.yarnpkg.com/strnum/-/strnum-1.1.2.tgz#57bca4fbaa6f271081715dbc9ed7cee5493e28e4"
  integrity sha512-vrN+B7DBIoTTZjnPNewwhx6cBA/H+IS7rfW68n7XxC1y7uoiGQBxaKzqucGUgavX15dJgiGztLJ8vxuEzwqBdA==

turndown-plugin-gfm@^1.0.2:
  version "1.0.2"
  resolved "https://registry.yarnpkg.com/turndown-plugin-gfm/-/turndown-plugin-gfm-1.0.2.tgz#6f8678a361f35220b2bdf5619e6049add75bf1c7"
  integrity sha512-vwz9tfvF7XN/jE0dGoBei3FXWuvll78ohzCZQuOb+ZjWrs3a0XhQVomJEb2Qh4VHTPNRO4GPZh0V7VRbiWwkRg==

turndown@^7.2.0:
  version "7.2.4"
  resolved "https://registry.yarnpkg.com/turndown/-/turndown-7.2.4.tgz#42d98202aefa8c188c997b586bc6da78bdf27ea2"
  integrity sha512-I8yFsfRzmzK0WV1pNNOA4A7y4RDfFxPRxb3t+e3ui14qSGOxGtiSP6GjeX+Y6CHb7HYaFj7ECUD7VE5kQMZWGQ==
  dependencies:
    "@mixmark-io/domino" "^2.2.0"
